
Microsoft Visual Studio Solution File, Format Version 12.00
# Visual Studio Version 17
VisualStudioVersion = 17.1.32328.378
MinimumVisualStudioVersion = 10.0.40219.1
Project("{9A19103F-16F7-4668-BE54-9A1E7A4F7556}") = "ParagonAtmLibrary", "ParagonAtmLibrary\ParagonAtmLibrary.csproj", "{67116203-9B94-49BA-AFDD-7896C1C8B0AB}"
EndProject
Project("{9A19103F-16F7-4668-BE54-9A1E7A4F7556}") = "ConsoleUI", "ConsoleUI\ConsoleUI.csproj", "{84289BFA-41D6-4468-9E1C-08FC4DDEA82D}"
EndProject
Global
	GlobalSection(SolutionConfigurationPlatforms) = preSolution
		Debug|Any CPU = Debug|Any CPU
		Release|Any CPU = Release|Any CPU
	EndGlobalSection
	GlobalSection(ProjectConfigurationPlatforms) = postSolution
		{67116203-9B94-49BA-AFDD-7896C1C8B0AB}.Debug|Any CPU.ActiveCfg = Debug|Any CPU
		{67116203-9B94-49BA-AFDD-7896C1C8B0AB}.Debug|Any CPU.Build.0 = Debug|Any CPU
		{67116203-9B94-49BA-AFDD-7896C1C8B0AB}.Release|Any CPU.ActiveCfg = Release|Any CPU
		{67116203-9B94-49BA-AFDD-7896C1C8B0AB}.Release|Any CPU.Build.0 = Release|Any CPU
		{84289BFA-41D6-4468-9E1C-08FC4DDEA82D}.Debug|Any CPU.ActiveCfg = Debug|Any CPU
		{84289BFA-41D6-4468-9E1C-08FC4DDEA82D}.Debug|Any CPU.Build.0 = Debug|Any CPU
		{84289BFA-41D6-4468-9E1C-08FC4DDEA82D}.Release|Any CPU.ActiveCfg = Release|Any CPU
		{84289BFA-41D6-4468-9E1C-08FC4DDEA82D}.Release|Any CPU.Build.0 = Release|Any CPU
	EndGlobalSection
	GlobalSection(SolutionProperties) = preSolution
		HideSolutionNode = FALSE
	EndGlobalSection
	GlobalSection(ExtensibilityGlobals) = postSolution
		SolutionGuid = {65E80A9A-3A06-43CE-9DF9-926A9D674FAA}
	EndGlobalSection
EndGlobal
